{
  "lockfile_version": "1",
  "packages": {
    "awscli2@2.35.11": {
      "last_modified": "2026-08-01T16:34:20Z",
      "resolved": "github:NixOS/nixpkgs/a5cbcfe954791221bfffe2307f7d1a1bf61a871e#awscli2",
      "source": "devbox-search",
      "version": "2.35.11",
      "systems": {
        "aarch64-darwin": {
          "outputs": [
            {
              "name": "out",
              "path": "/nix/store/h3n16f72gm4yslj3qsblg76z26r3y1r4-awscli2-2.35.11",
              "default": true
            },
            {
              "name": "dist",
              "path": "/nix/store/dkzrlh861kbhfkbhz9an6hpzwkpz0wjm-awscli2-2.35.11-dist"
            }
          ],
          "store_path": "/nix/store/h3n16f72gm4yslj3qsblg76z26r3y1r4-awscli2-2.35.11"
        },
        "aarch64-linux": {
          "outputs": [
            {
              "name": "out",
              "path": "/nix/store/l45sv0j5xgqklqhf5141q6virrn4wmlb-awscli2-2.35.11",
              "default": true
            },
            {
              "name": "dist",
              "path": "/nix/store/yj13j448chffrlm6hxc6l79z8s7iiqvd-awscli2-2.35.11-dist"
            }
          ],
          "store_path": "/nix/store/l45sv0j5xgqklqhf5141q6virrn4wmlb-awscli2-2.35.11"
        },
        "x86_64-linux": {
          "outputs": [
            {
              "name": "out",
              "path": "/nix/store/vsnlla0pw4m5cdi072bgv17p078i80qv-awscli2-2.35.11",
              "default": true
            },
            {
              "name": "dist",
              "path": "/nix/store/jnnyimpxdrrkm9g74cya8ciji64lmbwm-awscli2-2.35.11-dist"
            }
          ],
          "store_path": "/nix/store/vsnlla0pw4m5cdi072bgv17p078i80qv-awscli2-2.35.11"
        }
      }
    },
    "cargo@latest": {
      "last_modified": "2026-08-01T16:34:20Z",
      "resolved": "github:NixOS/nixpkgs/a5cbcfe954791221bfffe2307f7d1a1bf61a871e#cargo",
      "source": "devbox-search",
      "version": "1.97.1",
      "systems": {
        "aarch64-darwin": {
          "outputs": [
            {
              "name": "out",
              "path": "/nix/store/qxkwknjc7vxn3bgikxkpf0bzz76w1cwi-cargo-1.97.1",
              "default": true
            }
          ],
          "store_path": "/nix/store/qxkwknjc7vxn3bgikxkpf0bzz76w1cwi-cargo-1.97.1"
        },
        "aarch64-linux": {
          "outputs": [
            {
              "name": "out",
              "path": "/nix/store/5a10b0byalr42xpsyklzmrsfgnknqjw6-cargo-1.97.1",
              "default": true
            }
          ],
          "store_path": "/nix/store/5a10b0byalr42xpsyklzmrsfgnknqjw6-cargo-1.97.1"
        },
        "x86_64-linux": {
          "outputs": [
            {
              "name": "out",
              "path": "/nix/store/k72ws5y5hqp187dasmnfikm0hz5xy432-cargo-1.97.1",
              "default": true
            }
          ],
          "store_path": "/nix/store/k72ws5y5hqp187dasmnfikm0hz5xy432-cargo-1.97.1"
        }
      }
    },
    "docker@29.2.1": {
      "last_modified": "2026-02-27T06:27:13Z",
      "resolved": "github:NixOS/nixpkgs/c0f3d81a7ddbc2b1332be0d8481a672b4f6004d6#docker",
      "source": "devbox-search",
      "version": "29.2.1",
      "systems": {
        "aarch64-darwin": {
          "outputs": [
            {
              "name": "out",
              "path": "/nix/store/3m9b097l6m26jjxpsjl2wz51fh48f58w-docker-29.2.1",
              "default": true
            }
          ],
          "store_path": "/nix/store/3m9b097l6m26jjxpsjl2wz51fh48f58w-docker-29.2.1"
        },
        "aarch64-linux": {
          "outputs": [
            {
              "name": "out",
              "path": "/nix/store/fsqhb9clm0zyz6nc8rc7c7rg667kxaws-docker-29.2.1",
              "default": true
            }
          ],
          "store_path": "/nix/store/fsqhb9clm0zyz6nc8rc7c7rg667kxaws-docker-29.2.1"
        },
        "x86_64-darwin": {
          "outputs": [
            {
              "name": "out",
              "path": "/nix/store/alfdw28kq3cnkmfpjq7abgxl13292sn6-docker-29.2.1",
              "default": true
            }
          ],
          "store_path": "/nix/store/alfdw28kq3cnkmfpjq7abgxl13292sn6-docker-29.2.1"
        },
        "x86_64-linux": {
          "outputs": [
            {
              "name": "out",
              "path": "/nix/store/9jk9p6679rz3lsc0mdnyf8h8yq4y8cc6-docker-29.2.1",
              "default": true
            }
          ],
          "store_path": "/nix/store/9jk9p6679rz3lsc0mdnyf8h8yq4y8cc6-docker-29.2.1"
        }
      }
    },
    "github:NixOS/nixpkgs/nixpkgs-unstable": {
      "last_modified": "2026-08-06T00:10:29Z",
      "resolved": "github:NixOS/nixpkgs/70ce234312134a463ba7728e94da2486a1d237ac?lastModified=1785975029&narHash=sha256-X44cn5rzytELc3NNoQsh0aLkjWA%2FQzPfc6HPQmsG3sU%3D"
    },
    "localstack@4.9.2": {
      "last_modified": "2026-01-23T17:20:52Z",
      "resolved": "github:NixOS/nixpkgs/a1bab9e494f5f4939442a57a58d0449a109593fe#localstack",
      "source": "devbox-search",
      "version": "4.9.2",
      "systems": {
        "aarch64-darwin": {
          "outputs": [
            {
              "name": "out",
              "path": "/nix/store/2gx0hkdhapr1nj29li5ky0v8jjy00nl1-localstack-4.9.2",
              "default": true
            },
            {
              "name": "dist",
              "path": "/nix/store/f11q64qvcc91z4w1b7c1984wj7lm8jga-localstack-4.9.2-dist"
            }
          ],
          "store_path": "/nix/store/2gx0hkdhapr1nj29li5ky0v8jjy00nl1-localstack-4.9.2"
        },
        "aarch64-linux": {
          "outputs": [
            {
              "name": "out",
              "path": "/nix/store/0x05ay1np0b4whkbblqvh4ycy34g845n-localstack-4.9.2",
              "default": true
            },
            {
              "name": "dist",
              "path": "/nix/store/y4k36g0lslpsak1msnjhinzcdyahs145-localstack-4.9.2-dist"
            }
          ],
          "store_path": "/nix/store/0x05ay1np0b4whkbblqvh4ycy34g845n-localstack-4.9.2"
        },
        "x86_64-darwin": {
          "outputs": [
            {
              "name": "out",
              "path": "/nix/store/0szdmkcdqi67x0852603xkajqkxxaqlq-localstack-4.9.2",
              "default": true
            },
            {
              "name": "dist",
              "path": "/nix/store/h4h87w001yxcshwjc7lzcv7dnvfzf08g-localstack-4.9.2-dist"
            }
          ],
          "store_path": "/nix/store/0szdmkcdqi67x0852603xkajqkxxaqlq-localstack-4.9.2"
        },
        "x86_64-linux": {
          "outputs": [
            {
              "name": "out",
              "path": "/nix/store/0p038h2d7jc0abvzdrfkr5fixz6y9fkc-localstack-4.9.2",
              "default": true
            },
            {
              "name": "dist",
              "path": "/nix/store/gk9g5492xqqps1dnzz02263d5n81q7cx-localstack-4.9.2-dist"
            }
          ],
          "store_path": "/nix/store/0p038h2d7jc0abvzdrfkr5fixz6y9fkc-localstack-4.9.2"
        }
      }
    },
    "nodejs@24": {
      "last_modified": "2025-12-29T16:45:58Z",
      "plugin_version": "0.0.4",
      "resolved": "github:NixOS/nixpkgs/346dd96ad74dc4457a9db9de4f4f57dab2e5731d#nodejs_24",
      "source": "devbox-search",
      "version": "24.12.0",
      "systems": {
        "aarch64-darwin": {
          "outputs": [
            {
              "name": "out",
              "path": "/nix/store/b1h0af3yb3z9jz048phclcqw6ihiww67-nodejs-24.12.0",
              "default": true
            },
            {
              "name": "dev",
              "path": "/nix/store/ksn4nj0nbp0ikmh4scy9x4biqqdswwhy-nodejs-24.12.0-dev"
            },
            {
              "name": "libv8",
              "path": "/nix/store/3x72bm7l30ib7l7cximrp0sklcq8jqwy-nodejs-24.12.0-libv8"
            }
          ],
          "store_path": "/nix/store/b1h0af3yb3z9jz048phclcqw6ihiww67-nodejs-24.12.0"
        },
        "aarch64-linux": {
          "outputs": [
            {
              "name": "out",
              "path": "/nix/store/9jfsyhcr9c6rpm94lrkibv75jkggvwss-nodejs-24.12.0",
              "default": true
            },
            {
              "name": "dev",
              "path": "/nix/store/7izhv9x1yvsmyrhmmyps6bxjjclajm80-nodejs-24.12.0-dev"
            },
            {
              "name": "libv8",
              "path": "/nix/store/8hl74pnc1qyz68rg10ixw7fz32hcxqkk-nodejs-24.12.0-libv8"
            }
          ],
          "store_path": "/nix/store/9jfsyhcr9c6rpm94lrkibv75jkggvwss-nodejs-24.12.0"
        },
        "x86_64-darwin": {
          "outputs": [
            {
              "name": "out",
              "path": "/nix/store/cj1243xswxvnwgifyiyg8axhn0r2vl48-nodejs-24.12.0",
              "default": true
            },
            {
              "name": "dev",
              "path": "/nix/store/kzia3rkaf9vwpn3py23q9v49jpjm6zx7-nodejs-24.12.0-dev"
            },
            {
              "name": "libv8",
              "path": "/nix/store/xszji81xj7ghjhz7jk0jkhb84nfwyd8f-nodejs-24.12.0-libv8"
            }
          ],
          "store_path": "/nix/store/cj1243xswxvnwgifyiyg8axhn0r2vl48-nodejs-24.12.0"
        },
        "x86_64-linux": {
          "outputs": [
            {
              "name": "out",
              "path": "/nix/store/9z1v3wyrxp6fpyzw21lcakd5w7aknzyc-nodejs-24.12.0",
              "default": true
            },
            {
              "name": "libv8",
              "path": "/nix/store/5yvx909wlis13qd2y1ahwl7ij21ma69a-nodejs-24.12.0-libv8"
            },
            {
              "name": "dev",
              "path": "/nix/store/7ll99p08gmpg0n048669p80zjibl5akr-nodejs-24.12.0-dev"
            }
          ],
          "store_path": "/nix/store/9z1v3wyrxp6fpyzw21lcakd5w7aknzyc-nodejs-24.12.0"
        }
      }
    },
    "pulumi-bin@3.255.0": {
      "last_modified": "2026-08-01T16:34:20Z",
      "resolved": "github:NixOS/nixpkgs/a5cbcfe954791221bfffe2307f7d1a1bf61a871e#pulumi-bin",
      "source": "devbox-search",
      "version": "3.255.0",
      "systems": {
        "aarch64-darwin": {
          "outputs": [
            {
              "name": "out",
              "path": "/nix/store/f2c7csqp0q8yhskrydjd2b4hvajqfmsn-pulumi-3.255.0",
              "default": true
            }
          ],
          "store_path": "/nix/store/f2c7csqp0q8yhskrydjd2b4hvajqfmsn-pulumi-3.255.0"
        },
        "aarch64-linux": {
          "outputs": [
            {
              "name": "out",
              "path": "/nix/store/qjjpqqj6fsrh7z2vqy7gj9b7s56a2dh8-pulumi-3.255.0",
              "default": true
            }
          ],
          "store_path": "/nix/store/qjjpqqj6fsrh7z2vqy7gj9b7s56a2dh8-pulumi-3.255.0"
        },
        "x86_64-linux": {
          "outputs": [
            {
              "name": "out",
              "path": "/nix/store/9zjl3h8dj4jjsnlx2bmsnd2jff1djkzr-pulumi-3.255.0",
              "default": true
            }
          ],
          "store_path": "/nix/store/9zjl3h8dj4jjsnlx2bmsnd2jff1djkzr-pulumi-3.255.0"
        }
      }
    },
    "rustc@latest": {
      "last_modified": "2026-08-01T16:34:20Z",
      "plugin_version": "0.0.1",
      "resolved": "github:NixOS/nixpkgs/a5cbcfe954791221bfffe2307f7d1a1bf61a871e#rustc",
      "source": "devbox-search",
      "version": "1.97.1",
      "systems": {
        "aarch64-darwin": {
          "outputs": [
            {
              "name": "out",
              "path": "/nix/store/30vxq1swhjzrxq29mvzhf0b4xcvqmzds-rustc-wrapper-1.97.1",
              "default": true
            },
            {
              "name": "man",
              "path": "/nix/store/6xcrb8jy3dgy5xmiqa0amq7v02vjsc7p-rustc-wrapper-1.97.1-man",
              "default": true
            },
            {
              "name": "doc",
              "path": "/nix/store/288kqi06y566q39csv4n9p1kxhvaizka-rustc-wrapper-1.97.1-doc"
            }
          ],
          "store_path": "/nix/store/30vxq1swhjzrxq29mvzhf0b4xcvqmzds-rustc-wrapper-1.97.1"
        },
        "aarch64-linux": {
          "outputs": [
            {
              "name": "out",
              "path": "/nix/store/bda3jw7479qjdsbfzawki0742yrlj0nj-rustc-wrapper-1.97.1",
              "default": true
            },
            {
              "name": "man",
              "path": "/nix/store/q1n5pbzblksxq0dy037wqx6rnjc3lxw3-rustc-wrapper-1.97.1-man",
              "default": true
            },
            {
              "name": "doc",
              "path": "/nix/store/zzc8w4yf4z4bkx2aypl7hlany6f5kqys-rustc-wrapper-1.97.1-doc"
            }
          ],
          "store_path": "/nix/store/bda3jw7479qjdsbfzawki0742yrlj0nj-rustc-wrapper-1.97.1"
        },
        "x86_64-linux": {
          "outputs": [
            {
              "name": "out",
              "path": "/nix/store/gf0kxr0014wbjmx5sh4mfjn83yabxkhw-rustc-wrapper-1.97.1",
              "default": true
            },
            {
              "name": "man",
              "path": "/nix/store/m14lki6gnq3klp6z1vhwzrscvvhg3hpz-rustc-wrapper-1.97.1-man",
              "default": true
            },
            {
              "name": "doc",
              "path": "/nix/store/8iads8jv6j40bkhal548jf6d964kv35a-rustc-wrapper-1.97.1-doc"
            }
          ],
          "store_path": "/nix/store/gf0kxr0014wbjmx5sh4mfjn83yabxkhw-rustc-wrapper-1.97.1"
        }
      }
    }
  }
}
